
Microsoft Visual Studio Solution File, Format Version 12.00
# Visual Studio Version 16
VisualStudioVersion = 16.0.30907.101
MinimumVisualStudioVersion = 10.0.40219.1
Project("{FAE04EC0-301F-11D3-BF4B-00C04F79EFBC}") = "boole", "boole\boole.csproj", "{76EDF5FA-2D53-4018-BA4C-DD31B7BB598A}"
EndProject
Global
	GlobalSection(SolutionConfigurationPlatforms) = preSolution
		Debug|Any CPU = Debug|Any CPU
		Release|Any CPU = Release|Any CPU
	EndGlobalSection
	GlobalSection(ProjectConfigurationPlatforms) = postSolution
		{76EDF5FA-2D53-4018-BA4C-DD31B7BB598A}.Debug|Any CPU.ActiveCfg = Debug|Any CPU
		{76EDF5FA-2D53-4018-BA4C-DD31B7BB598A}.Debug|Any CPU.Build.0 = Debug|Any CPU
		{76EDF5FA-2D53-4018-BA4C-DD31B7BB598A}.Release|Any CPU.ActiveCfg = Release|Any CPU
		{76EDF5FA-2D53-4018-BA4C-DD31B7BB598A}.Release|Any CPU.Build.0 = Release|Any CPU
	EndGlobalSection
	GlobalSection(SolutionProperties) = preSolution
		HideSolutionNode = FALSE
	EndGlobalSection
	GlobalSection(ExtensibilityGlobals) = postSolution
		SolutionGuid = {A21A6D12-7FA8-4E7B-822E-4686570CA4CB}
	EndGlobalSection
EndGlobal
